
Microsoft Visual Studio Solution File, Format Version 12.00
# Visual Studio Version 16
VisualStudioVersion = 16.0.29519.181
MinimumVisualStudioVersion = 10.0.40219.1
Project("{FAE04EC0-301F-11D3-BF4B-00C04F79EFBC}") = "ChatbotServer", "SocketServer_Esercizio\ChatbotServer.csproj", "{E7BBF2D6-BA2C-44A8-811C-561EC2183A90}"
EndProject
Global
	GlobalSection(SolutionConfigurationPlatforms) = preSolution
		Debug|Any CPU = Debug|Any CPU
		Release|Any CPU = Release|Any CPU
	EndGlobalSection
	GlobalSection(ProjectConfigurationPlatforms) = postSolution
		{E7BBF2D6-BA2C-44A8-811C-561EC2183A90}.Debug|Any CPU.ActiveCfg = Debug|Any CPU
		{E7BBF2D6-BA2C-44A8-811C-561EC2183A90}.Debug|Any CPU.Build.0 = Debug|Any CPU
		{E7BBF2D6-BA2C-44A8-811C-561EC2183A90}.Release|Any CPU.ActiveCfg = Release|Any CPU
		{E7BBF2D6-BA2C-44A8-811C-561EC2183A90}.Release|Any CPU.Build.0 = Release|Any CPU
	EndGlobalSection
	GlobalSection(SolutionProperties) = preSolution
		HideSolutionNode = FALSE
	EndGlobalSection
	GlobalSection(ExtensibilityGlobals) = postSolution
		SolutionGuid = {F7D8FECD-21A2-4A46-B100-CCF4791562CD}
	EndGlobalSection
EndGlobal
